<?xml version="1.0" encoding="utf-8"?>
<Project ToolsVersion="4.0" xmlns="http://schemas.microsoft.com/developer/msbuild/2003">
  <ItemGroup>
    <Filter Include="Source Files">
      <UniqueIdentifier>{4FC737F1-C7A5-4376-A066-2A32D752A2FF}</UniqueIdentifier>
      <Extensions>cpp;c;cc;cxx;c++;cppm;ixx;def;odl;idl;hpj;bat;asm;asmx</Extensions>
    </Filter>
    <Filter Include="Header Files">
      <UniqueIdentifier>{93995380-89BD-4b04-88EB-625FBE52EBFB}</UniqueIdentifier>
      <Extensions>h;hh;hpp;hxx;h++;hm;inl;inc;ipp;xsd</Extensions>
    </Filter>
    <Filter Include="Resource Files">
      <UniqueIdentifier>{67DA6AB6-F800-4c08-8B7A-83BB121AAD01}</UniqueIdentifier>
      <Extensions>rc;ico;cur;bmp;dlg;rc2;rct;bin;rgs;gif;jpg;jpeg;jpe;resx;tiff;tif;png;wav;mfcribbon-ms</Extensions>
    </Filter>
  </ItemGroup>
  <ItemGroup>
    <ClCompile Include="Application.cpp">
      <Filter>Source Files</Filter>
    </ClCompile>
    <ClCompile Include="bc7enc.cpp">
      <Filter>Source Files</Filter>
    </ClCompile>
    <ClCompile Include="Bitmap.cpp">
      <Filter>Source Files</Filter>
    </ClCompile>
    <ClCompile Include="BitmapDownsampled.cpp">
      <Filter>Source Files</Filter>
    </ClCompile>
    <ClCompile Include="BlockData.cpp">
      <Filter>Source Files</Filter>
    </ClCompile>
    <ClCompile Include="ColorSpace.cpp">
      <Filter>Source Files</Filter>
    </ClCompile>
    <ClCompile Include="DataProvider.cpp">
      <Filter>Source Files</Filter>
    </ClCompile>
    <ClCompile Include="Debug.cpp">
      <Filter>Source Files</Filter>
    </ClCompile>
    <ClCompile Include="Dither.cpp">
      <Filter>Source Files</Filter>
    </ClCompile>
    <ClCompile Include="Error.cpp">
      <Filter>Source Files</Filter>
    </ClCompile>
    <ClCompile Include="getopt\getopt.c">
      <Filter>Source Files</Filter>
    </ClCompile>
    <ClCompile Include="libpng\arm_init.c">
      <Filter>Source Files</Filter>
    </ClCompile>
    <ClCompile Include="libpng\filter_neon_intrinsics.c">
      <Filter>Source Files</Filter>
    </ClCompile>
    <ClCompile Include="libpng\filter_sse2_intrinsics.c">
      <Filter>Source Files</Filter>
    </ClCompile>
    <ClCompile Include="libpng\intel_init.c">
      <Filter>Source Files</Filter>
    </ClCompile>
    <ClCompile Include="libpng\palette_neon_intrinsics.c">
      <Filter>Source Files</Filter>
    </ClCompile>
    <ClCompile Include="libpng\png.c">
      <Filter>Source Files</Filter>
    </ClCompile>
    <ClCompile Include="libpng\pngerror.c">
      <Filter>Source Files</Filter>
    </ClCompile>
    <ClCompile Include="libpng\pngget.c">
      <Filter>Source Files</Filter>
    </ClCompile>
    <ClCompile Include="libpng\pngmem.c">
      <Filter>Source Files</Filter>
    </ClCompile>
    <ClCompile Include="libpng\pngpread.c">
      <Filter>Source Files</Filter>
    </ClCompile>
    <ClCompile Include="libpng\pngread.c">
      <Filter>Source Files</Filter>
    </ClCompile>
    <ClCompile Include="libpng\pngrio.c">
      <Filter>Source Files</Filter>
    </ClCompile>
    <ClCompile Include="libpng\pngrtran.c">
      <Filter>Source Files</Filter>
    </ClCompile>
    <ClCompile Include="libpng\pngrutil.c">
      <Filter>Source Files</Filter>
    </ClCompile>
    <ClCompile Include="libpng\pngset.c">
      <Filter>Source Files</Filter>
    </ClCompile>
    <ClCompile Include="libpng\pngtrans.c">
      <Filter>Source Files</Filter>
    </ClCompile>
    <ClCompile Include="libpng\pngwio.c">
      <Filter>Source Files</Filter>
    </ClCompile>
    <ClCompile Include="libpng\pngwrite.c">
      <Filter>Source Files</Filter>
    </ClCompile>
    <ClCompile Include="libpng\pngwtran.c">
      <Filter>Source Files</Filter>
    </ClCompile>
    <ClCompile Include="libpng\pngwutil.c">
      <Filter>Source Files</Filter>
    </ClCompile>
    <ClCompile Include="lz4\lz4.c">
      <Filter>Source Files</Filter>
    </ClCompile>
    <ClCompile Include="mmap.cpp">
      <Filter>Source Files</Filter>
    </ClCompile>
    <ClCompile Include="ProcessDxtc.cpp">
      <Filter>Source Files</Filter>
    </ClCompile>
    <ClCompile Include="ProcessRGB.cpp">
      <Filter>Source Files</Filter>
    </ClCompile>
    <ClCompile Include="System.cpp">
      <Filter>Source Files</Filter>
    </ClCompile>
    <ClCompile Include="Tables.cpp">
      <Filter>Source Files</Filter>
    </ClCompile>
    <ClCompile Include="TaskDispatch.cpp">
      <Filter>Source Files</Filter>
    </ClCompile>
    <ClCompile Include="Timing.cpp">
      <Filter>Source Files</Filter>
    </ClCompile>
    <ClCompile Include="..\zlib\adler32.c">
      <Filter>Source Files</Filter>
    </ClCompile>
    <ClCompile Include="..\zlib\compress.c">
      <Filter>Source Files</Filter>
    </ClCompile>
    <ClCompile Include="..\zlib\crc32.c">
      <Filter>Source Files</Filter>
    </ClCompile>
    <ClCompile Include="..\zlib\deflate.c">
      <Filter>Source Files</Filter>
    </ClCompile>
    <ClCompile Include="..\zlib\gzclose.c">
      <Filter>Source Files</Filter>
    </ClCompile>
    <ClCompile Include="..\zlib\gzlib.c">
      <Filter>Source Files</Filter>
    </ClCompile>
    <ClCompile Include="..\zlib\gzread.c">
      <Filter>Source Files</Filter>
    </ClCompile>
    <ClCompile Include="..\zlib\gzwrite.c">
      <Filter>Source Files</Filter>
    </ClCompile>
    <ClCompile Include="..\zlib\infback.c">
      <Filter>Source Files</Filter>
    </ClCompile>
    <ClCompile Include="..\zlib\inffast.c">
      <Filter>Source Files</Filter>
    </ClCompile>
    <ClCompile Include="..\zlib\inflate.c">
      <Filter>Source Files</Filter>
    </ClCompile>
    <ClCompile Include="..\zlib\inftrees.c">
      <Filter>Source Files</Filter>
    </ClCompile>
    <ClCompile Include="..\zlib\trees.c">
      <Filter>Source Files</Filter>
    </ClCompile>
    <ClCompile Include="..\zlib\uncompr.c">
      <Filter>Source Files</Filter>
    </ClCompile>
    <ClCompile Include="..\zlib\zutil.c">
      <Filter>Source Files</Filter>
    </ClCompile>
    <ClCompile Include="Main.cpp" />
  </ItemGroup>
  <ItemGroup>
    <ClInclude Include="Bitmap.hpp">
      <Filter>Header Files</Filter>
    </ClInclude>
    <ClInclude Include="BitmapDownsampled.hpp">
      <Filter>Header Files</Filter>
    </ClInclude>
    <ClInclude Include="BlockData.hpp">
      <Filter>Header Files</Filter>
    </ClInclude>
    <ClInclude Include="ColorSpace.hpp">
      <Filter>Header Files</Filter>
    </ClInclude>
    <ClInclude Include="DataProvider.hpp">
      <Filter>Header Files</Filter>
    </ClInclude>
    <ClInclude Include="Debug.hpp">
      <Filter>Header Files</Filter>
    </ClInclude>
    <ClInclude Include="Dither.hpp">
      <Filter>Header Files</Filter>
    </ClInclude>
    <ClInclude Include="Error.hpp">
      <Filter>Header Files</Filter>
    </ClInclude>
    <ClInclude Include="ForceInline.hpp">
      <Filter>Header Files</Filter>
    </ClInclude>
    <ClInclude Include="getopt\getopt.h">
      <Filter>Header Files</Filter>
    </ClInclude>
    <ClInclude Include="libpng\png.h">
      <Filter>Header Files</Filter>
    </ClInclude>
    <ClInclude Include="libpng\pngconf.h">
      <Filter>Header Files</Filter>
    </ClInclude>
    <ClInclude Include="libpng\pngdebug.h">
      <Filter>Header Files</Filter>
    </ClInclude>
    <ClInclude Include="libpng\pnginfo.h">
      <Filter>Header Files</Filter>
    </ClInclude>
    <ClInclude Include="libpng\pnglibconf.h">
      <Filter>Header Files</Filter>
    </ClInclude>
    <ClInclude Include="libpng\pngpriv.h">
      <Filter>Header Files</Filter>
    </ClInclude>
    <ClInclude Include="libpng\pngstruct.h">
      <Filter>Header Files</Filter>
    </ClInclude>
    <ClInclude Include="lz4\lz4.h">
      <Filter>Header Files</Filter>
    </ClInclude>
    <ClInclude Include="Math.hpp">
      <Filter>Header Files</Filter>
    </ClInclude>
    <ClInclude Include="MipMap.hpp">
      <Filter>Header Files</Filter>
    </ClInclude>
    <ClInclude Include="mmap.hpp">
      <Filter>Header Files</Filter>
    </ClInclude>
    <ClInclude Include="ProcessCommon.hpp">
      <Filter>Header Files</Filter>
    </ClInclude>
    <ClInclude Include="ProcessDxtc.hpp">
      <Filter>Header Files</Filter>
    </ClInclude>
    <ClInclude Include="ProcessRGB.hpp">
      <Filter>Header Files</Filter>
    </ClInclude>
    <ClInclude Include="Semaphore.hpp">
      <Filter>Header Files</Filter>
    </ClInclude>
    <ClInclude Include="System.hpp">
      <Filter>Header Files</Filter>
    </ClInclude>
    <ClInclude Include="Tables.hpp">
      <Filter>Header Files</Filter>
    </ClInclude>
    <ClInclude Include="TaskDispatch.hpp">
      <Filter>Header Files</Filter>
    </ClInclude>
    <ClInclude Include="Timing.hpp">
      <Filter>Header Files</Filter>
    </ClInclude>
    <ClInclude Include="Vector.hpp">
      <Filter>Header Files</Filter>
    </ClInclude>
  </ItemGroup>
  <ItemGroup>
    <None Include="libpng\LICENSE" />
  </ItemGroup>
</Project>