
Microsoft Visual Studio Solution File, Format Version 12.00
# Visual Studio Version 17
VisualStudioVersion = 17.9.34526.213
MinimumVisualStudioVersion = 10.0.40219.1
Project("{8BC9CEB8-8B4A-11D0-8D11-00A0C91BC942}") = "EtcPack", "EtcPack.vcxproj", "{7637AB55-A272-4390-8222-8397150FE18F}"
EndProject
Global
	GlobalSection(SolutionConfigurationPlatforms) = preSolution
		Debug|x64 = Debug|x64
		Debug|x86 = Debug|x86
		Release|x64 = Release|x64
		Release|x86 = Release|x86
	EndGlobalSection
	GlobalSection(ProjectConfigurationPlatforms) = postSolution
		{7637AB55-A272-4390-8222-8397150FE18F}.Debug|x64.ActiveCfg = Debug|x64
		{7637AB55-A272-4390-8222-8397150FE18F}.Debug|x64.Build.0 = Debug|x64
		{7637AB55-A272-4390-8222-8397150FE18F}.Debug|x86.ActiveCfg = Debug|Win32
		{7637AB55-A272-4390-8222-8397150FE18F}.Debug|x86.Build.0 = Debug|Win32
		{7637AB55-A272-4390-8222-8397150FE18F}.Release|x64.ActiveCfg = Release|x64
		{7637AB55-A272-4390-8222-8397150FE18F}.Release|x64.Build.0 = Release|x64
		{7637AB55-A272-4390-8222-8397150FE18F}.Release|x86.ActiveCfg = Release|Win32
		{7637AB55-A272-4390-8222-8397150FE18F}.Release|x86.Build.0 = Release|Win32
	EndGlobalSection
	GlobalSection(SolutionProperties) = preSolution
		HideSolutionNode = FALSE
	EndGlobalSection
	GlobalSection(ExtensibilityGlobals) = postSolution
		SolutionGuid = {A8317204-9BC9-4DC5-AC1F-449ADA50E796}
	EndGlobalSection
EndGlobal
